
Microsoft Visual Studio Solution File, Format Version 12.00
# Visual Studio Version 17
VisualStudioVersion = 17.4.33110.190
MinimumVisualStudioVersion = 10.0.40219.1
Project("{FAE04EC0-301F-11D3-BF4B-00C04F79EFBC}") = "Object oriented program of Addition", "Object oriented program of Addition.csproj", "{7E19E1E3-28D4-4BA0-839F-CA0466BFC907}"
EndProject
Global
	GlobalSection(SolutionConfigurationPlatforms) = preSolution
		Debug|Any CPU = Debug|Any CPU
		Release|Any CPU = Release|Any CPU
	EndGlobalSection
	GlobalSection(ProjectConfigurationPlatforms) = postSolution
		{7E19E1E3-28D4-4BA0-839F-CA0466BFC907}.Debug|Any CPU.ActiveCfg = Debug|Any CPU
		{7E19E1E3-28D4-4BA0-839F-CA0466BFC907}.Debug|Any CPU.Build.0 = Debug|Any CPU
		{7E19E1E3-28D4-4BA0-839F-CA0466BFC907}.Release|Any CPU.ActiveCfg = Release|Any CPU
		{7E19E1E3-28D4-4BA0-839F-CA0466BFC907}.Release|Any CPU.Build.0 = Release|Any CPU
	EndGlobalSection
	GlobalSection(SolutionProperties) = preSolution
		HideSolutionNode = FALSE
	EndGlobalSection
	GlobalSection(ExtensibilityGlobals) = postSolution
		SolutionGuid = {02856EB5-997C-419A-AB7A-CB74EECD2AD7}
	EndGlobalSection
EndGlobal
